// !$*UTF8*$!
{
	archiveVersion = 1;
	classes = {
	};
	objectVersion = 46;
	objects = {

/* Begin PBXBuildFile section */
		B593A2261C5E87EE0085C5C8 /* AppDelegate.swift in Sources */ = {isa = PBXBuildFile; fileRef = B593A2251C5E87EE0085C5C8 /* AppDelegate.swift */; };
		B593A2281C5E87EE0085C5C8 /* ViewController.swift in Sources */ = {isa = PBXBuildFile; fileRef = B593A2271C5E87EE0085C5C8 /* ViewController.swift */; };
		B593A22B1C5E87EE0085C5C8 /* Main.storyboard in Resources */ = {isa = PBXBuildFile; fileRef = B593A2291C5E87EE0085C5C8 /* Main.storyboard */; };
		B593A22D1C5E87EE0085C5C8 /* Assets.xcassets in Resources */ = {isa = PBXBuildFile; fileRef = B593A22C1C5E87EE0085C5C8 /* Assets.xcassets */; };
		B593A2301C5E87EE0085C5C8 /* LaunchScreen.storyboard in Resources */ = {isa = PBXBuildFile; fileRef = B593A22E1C5E87EE0085C5C8 /* LaunchScreen.storyboard */; };
		B593A2381C5E89410085C5C8 /* ShoopingListViewController.swift in Sources */ = {isa = PBXBuildFile; fileRef = B593A2371C5E89410085C5C8 /* ShoopingListViewController.swift */; };
		B593A23A1C5E8D8A0085C5C8 /* ListIngredientsViewController.swift in Sources */ = {isa = PBXBuildFile; fileRef = B593A2391C5E8D8A0085C5C8 /* ListIngredientsViewController.swift */; };
		B593A23E1C5E93500085C5C8 /* IngredientTableViewCell.swift in Sources */ = {isa = PBXBuildFile; fileRef = B593A23D1C5E93500085C5C8 /* IngredientTableViewCell.swift */; };
		B593A2401C5E98B40085C5C8 /* FormIngredientsViewController.swift in Sources */ = {isa = PBXBuildFile; fileRef = B593A23F1C5E98B40085C5C8 /* FormIngredientsViewController.swift */; };
		B593A2421C5E9AA80085C5C8 /* ListaIngredientes.swift in Sources */ = {isa = PBXBuildFile; fileRef = B593A2411C5E9AA80085C5C8 /* ListaIngredientes.swift */; };
/* End PBXBuildFile section */

/* Begin PBXFileReference section */
		B593A2221C5E87EE0085C5C8 /* iosAPP.app */ = {isa = PBXFileReference; explicitFileType = wrapper.application; includeInIndex = 0; path = iosAPP.app; sourceTree = BUILT_PRODUCTS_DIR; };
		B593A2251C5E87EE0085C5C8 /* AppDelegate.swift */ = {isa = PBXFileReference; lastKnownFileType = sourcecode.swift; path = AppDelegate.swift; sourceTree = "<group>"; };
		B593A2271C5E87EE0085C5C8 /* ViewController.swift */ = {isa = PBXFileReference; lastKnownFileType = sourcecode.swift; path = ViewController.swift; sourceTree = "<group>"; };
		B593A22A1C5E87EE0085C5C8 /* Base */ = {isa = PBXFileReference; lastKnownFileType = file.storyboard; name = Base; path = Base.lproj/Main.storyboard; sourceTree = "<group>"; };
		B593A22C1C5E87EE0085C5C8 /* Assets.xcassets */ = {isa = PBXFileReference; lastKnownFileType = folder.assetcatalog; path = Assets.xcassets; sourceTree = "<group>"; };
		B593A22F1C5E87EE0085C5C8 /* Base */ = {isa = PBXFileReference; lastKnownFileType = file.storyboard; name = Base; path = Base.lproj/LaunchScreen.storyboard; sourceTree = "<group>"; };
		B593A2311C5E87EE0085C5C8 /* Info.plist */ = {isa = PBXFileReference; lastKnownFileType = text.plist.xml; path = Info.plist; sourceTree = "<group>"; };
		B593A2371C5E89410085C5C8 /* ShoopingListViewController.swift */ = {isa = PBXFileReference; fileEncoding = 4; lastKnownFileType = sourcecode.swift; path = ShoopingListViewController.swift; sourceTree = "<group>"; };
		B593A2391C5E8D8A0085C5C8 /* ListIngredientsViewController.swift */ = {isa = PBXFileReference; fileEncoding = 4; lastKnownFileType = sourcecode.swift; path = ListIngredientsViewController.swift; sourceTree = "<group>"; };
		B593A23D1C5E93500085C5C8 /* IngredientTableViewCell.swift */ = {isa = PBXFileReference; fileEncoding = 4; lastKnownFileType = sourcecode.swift; path = IngredientTableViewCell.swift; sourceTree = "<group>"; };
		B593A23F1C5E98B40085C5C8 /* FormIngredientsViewController.swift */ = {isa = PBXFileReference; fileEncoding = 4; lastKnownFileType = sourcecode.swift; path = FormIngredientsViewController.swift; sourceTree = "<group>"; };
		B593A2411C5E9AA80085C5C8 /* ListaIngredientes.swift */ = {isa = PBXFileReference; fileEncoding = 4; lastKnownFileType = sourcecode.swift; path = ListaIngredientes.swift; sourceTree = "<group>"; };
/* End PBXFileReference section */

/* Begin PBXFrameworksBuildPhase section */
		B593A21F1C5E87EE0085C5C8 /* Frameworks */ = {
			isa = PBXFrameworksBuildPhase;
			buildActionMask = 2147483647;
			files = (
			);
			runOnlyForDeploymentPostprocessing = 0;
		};
/* End PBXFrameworksBuildPhase section */

/* Begin PBXGroup section */
		B593A2191C5E87EE0085C5C8 = {
			isa = PBXGroup;
			children = (
				B593A2241C5E87EE0085C5C8 /* iosAPP */,
				B593A2231C5E87EE0085C5C8 /* Products */,
			);
			sourceTree = "<group>";
		};
		B593A2231C5E87EE0085C5C8 /* Products */ = {
			isa = PBXGroup;
			children = (
				B593A2221C5E87EE0085C5C8 /* iosAPP.app */,
			);
			name = Products;
			sourceTree = "<group>";
		};
		B593A2241C5E87EE0085C5C8 /* iosAPP */ = {
			isa = PBXGroup;
			children = (
				B593A2251C5E87EE0085C5C8 /* AppDelegate.swift */,
				B593A2271C5E87EE0085C5C8 /* ViewController.swift */,
				B593A2291C5E87EE0085C5C8 /* Main.storyboard */,
				B593A22C1C5E87EE0085C5C8 /* Assets.xcassets */,
				B593A22E1C5E87EE0085C5C8 /* LaunchScreen.storyboard */,
				B593A2311C5E87EE0085C5C8 /* Info.plist */,
				B593A2371C5E89410085C5C8 /* ShoopingListViewController.swift */,
				B593A2391C5E8D8A0085C5C8 /* ListIngredientsViewController.swift */,
				B593A23D1C5E93500085C5C8 /* IngredientTableViewCell.swift */,
				B593A23F1C5E98B40085C5C8 /* FormIngredientsViewController.swift */,
				B593A2411C5E9AA80085C5C8 /* ListaIngredientes.swift */,
			);
			path = iosAPP;
			sourceTree = "<group>";
		};
/* End PBXGroup section */

/* Begin PBXNativeTarget section */
		B593A2211C5E87EE0085C5C8 /* iosAPP */ = {
			isa = PBXNativeTarget;
			buildConfigurationList = B593A2341C5E87EE0085C5C8 /* Build configuration list for PBXNativeTarget "iosAPP" */;
			buildPhases = (
				B593A21E1C5E87EE0085C5C8 /* Sources */,
				B593A21F1C5E87EE0085C5C8 /* Frameworks */,
				B593A2201C5E87EE0085C5C8 /* Resources */,
			);
			buildRules = (
			);
			dependencies = (
			);
			name = iosAPP;
			productName = iosAPP;
			productReference = B593A2221C5E87EE0085C5C8 /* iosAPP.app */;
			productType = "com.apple.product-type.application";
		};
/* End PBXNativeTarget section */

/* Begin PBXProject section */
		B593A21A1C5E87EE0085C5C8 /* Project object */ = {
			isa = PBXProject;
			attributes = {
				LastSwiftUpdateCheck = 0720;
				LastUpgradeCheck = 0720;
				ORGANIZATIONNAME = "mikel balduciel diaz";
				TargetAttributes = {
					B593A2211C5E87EE0085C5C8 = {
						CreatedOnToolsVersion = 7.2;
						DevelopmentTeam = A5UCFNWB8C;
					};
				};
			};
			buildConfigurationList = B593A21D1C5E87EE0085C5C8 /* Build configuration list for PBXProject "iosAPP" */;
			compatibilityVersion = "Xcode 3.2";
			developmentRegion = English;
			hasScannedForEncodings = 0;
			knownRegions = (
				en,
				Base,
			);
			mainGroup = B593A2191C5E87EE0085C5C8;
			productRefGroup = B593A2231C5E87EE0085C5C8 /* Products */;
			projectDirPath = "";
			projectRoot = "";
			targets = (
				B593A2211C5E87EE0085C5C8 /* iosAPP */,
			);
		};
/* End PBXProject section */

/* Begin PBXResourcesBuildPhase section */
		B593A2201C5E87EE0085C5C8 /* Resources */ = {
			isa = PBXResourcesBuildPhase;
			buildActionMask = 2147483647;
			files = (
				B593A2301C5E87EE0085C5C8 /* LaunchScreen.storyboard in Resources */,
				B593A22D1C5E87EE0085C5C8 /* Assets.xcassets in Resources */,
				B593A22B1C5E87EE0085C5C8 /* Main.storyboard in Resources */,
			);
			runOnlyForDeploymentPostprocessing = 0;
		};
/* End PBXResourcesBuildPhase section */

/* Begin PBXSourcesBuildPhase section */
		B593A21E1C5E87EE0085C5C8 /* Sources */ = {
			isa = PBXSourcesBuildPhase;
			buildActionMask = 2147483647;
			files = (
				B593A23E1C5E93500085C5C8 /* IngredientTableViewCell.swift in Sources */,
				B593A2421C5E9AA80085C5C8 /* ListaIngredientes.swift in Sources */,
				B593A2281C5E87EE0085C5C8 /* ViewController.swift in Sources */,
				B593A23A1C5E8D8A0085C5C8 /* ListIngredientsViewController.swift in Sources */,
				B593A2261C5E87EE0085C5C8 /* AppDelegate.swift in Sources */,
				B593A2381C5E89410085C5C8 /* ShoopingListViewController.swift in Sources */,
				B593A2401C5E98B40085C5C8 /* FormIngredientsViewController.swift in Sources */,
			);
			runOnlyForDeploymentPostprocessing = 0;
		};
/* End PBXSourcesBuildPhase section */

/* Begin PBXVariantGroup section */
		B593A2291C5E87EE0085C5C8 /* Main.storyboard */ = {
			isa = PBXVariantGroup;
			children = (
				B593A22A1C5E87EE0085C5C8 /* Base */,
			);
			name = Main.storyboard;
			sourceTree = "<group>";
		};
		B593A22E1C5E87EE0085C5C8 /* LaunchScreen.storyboard */ = {
			isa = PBXVariantGroup;
			children = (
				B593A22F1C5E87EE0085C5C8 /* Base */,
			);
			name = LaunchScreen.storyboard;
			sourceTree = "<group>";
		};
/* End PBXVariantGroup section */

/* Begin XCBuildConfiguration section */
		B593A2321C5E87EE0085C5C8 /* Debug */ = {
			isa = XCBuildConfiguration;
			buildSettings = {
				ALWAYS_SEARCH_USER_PATHS = NO;
				CLANG_CXX_LANGUAGE_STANDARD = "gnu++0x";
				CLANG_CXX_LIBRARY = "libc++";
				CLANG_ENABLE_MODULES = YES;
				CLANG_ENABLE_OBJC_ARC = YES;
				CLANG_WARN_BOOL_CONVERSION = YES;
				CLANG_WARN_CONSTANT_CONVERSION = YES;
				CLANG_WARN_DIRECT_OBJC_ISA_USAGE = YES_ERROR;
				CLANG_WARN_EMPTY_BODY = YES;
				CLANG_WARN_ENUM_CONVERSION = YES;
				CLANG_WARN_INT_CONVERSION = YES;
				CLANG_WARN_OBJC_ROOT_CLASS = YES_ERROR;
				CLANG_WARN_UNREACHABLE_CODE = YES;
				CLANG_WARN__DUPLICATE_METHOD_MATCH = YES;
				"CODE_SIGN_IDENTITY[sdk=iphoneos*]" = "iPhone Developer";
				COPY_PHASE_STRIP = NO;
				DEBUG_INFORMATION_FORMAT = dwarf;
				ENABLE_STRICT_OBJC_MSGSEND = YES;
				ENABLE_TESTABILITY = YES;
				GCC_C_LANGUAGE_STANDARD = gnu99;
				GCC_DYNAMIC_NO_PIC = NO;
				GCC_NO_COMMON_BLOCKS = YES;
				GCC_OPTIMIZATION_LEVEL = 0;
				GCC_PREPROCESSOR_DEFINITIONS = (
					"DEBUG=1",
					"$(inherited)",
				);
				GCC_WARN_64_TO_32_BIT_CONVERSION = YES;
				GCC_WARN_ABOUT_RETURN_TYPE = YES_ERROR;
				GCC_WARN_UNDECLARED_SELECTOR = YES;
				GCC_WARN_UNINITIALIZED_AUTOS = YES_AGGRESSIVE;
				GCC_WARN_UNUSED_FUNCTION = YES;
				GCC_WARN_UNUSED_VARIABLE = YES;
				IPHONEOS_DEPLOYMENT_TARGET = 9.2;
				MTL_ENABLE_DEBUG_INFO = YES;
				ONLY_ACTIVE_ARCH = YES;
				SDKROOT = iphoneos;
				SWIFT_OPTIMIZATION_LEVEL = "-Onone";
			};
			name = Debug;
		};
		B593A2331C5E87EE0085C5C8 /* Release */ = {
			isa = XCBuildConfiguration;
			buildSettings = {
				ALWAYS_SEARCH_USER_PATHS = NO;
				CLANG_CXX_LANGUAGE_STANDARD = "gnu++0x";
				CLANG_CXX_LIBRARY = "libc++";
				CLANG_ENABLE_MODULES = YES;
				CLANG_ENABLE_OBJC_ARC = YES;
				CLANG_WARN_BOOL_CONVERSION = YES;
				CLANG_WARN_CONSTANT_CONVERSION = YES;
				CLANG_WARN_DIRECT_OBJC_ISA_USAGE = YES_ERROR;
				CLANG_WARN_EMPTY_BODY = YES;
				CLANG_WARN_ENUM_CONVERSION = YES;
				CLANG_WARN_INT_CONVERSION = YES;
				CLANG_WARN_OBJC_ROOT_CLASS = YES_ERROR;
				CLANG_WARN_UNREACHABLE_CODE = YES;
				CLANG_WARN__DUPLICATE_METHOD_MATCH = YES;
				"CODE_SIGN_IDENTITY[sdk=iphoneos*]" = "iPhone Developer";
				COPY_PHASE_STRIP = NO;
				DEBUG_INFORMATION_FORMAT = "dwarf-with-dsym";
				ENABLE_NS_ASSERTIONS = NO;
				ENABLE_STRICT_OBJC_MSGSEND = YES;
				GCC_C_LANGUAGE_STANDARD = gnu99;
				GCC_NO_COMMON_BLOCKS = YES;
				GCC_WARN_64_TO_32_BIT_CONVERSION = YES;
				GCC_WARN_ABOUT_RETURN_TYPE = YES_ERROR;
				GCC_WARN_UNDECLARED_SELECTOR = YES;
				GCC_WARN_UNINITIALIZED_AUTOS = YES_AGGRESSIVE;
				GCC_WARN_UNUSED_FUNCTION = YES;
				GCC_WARN_UNUSED_VARIABLE = YES;
				IPHONEOS_DEPLOYMENT_TARGET = 9.2;
				MTL_ENABLE_DEBUG_INFO = NO;
				SDKROOT = iphoneos;
				VALIDATE_PRODUCT = YES;
			};
			name = Release;
		};
		B593A2351C5E87EE0085C5C8 /* Debug */ = {
			isa = XCBuildConfiguration;
			buildSettings = {
				ASSETCATALOG_COMPILER_APPICON_NAME = AppIcon;
				CODE_SIGN_IDENTITY = "iPhone Developer";
				INFOPLIST_FILE = iosAPP/Info.plist;
				LD_RUNPATH_SEARCH_PATHS = "$(inherited) @executable_path/Frameworks";
				PRODUCT_BUNDLE_IDENTIFIER = es.upsa.mimo.iosAPP.iosAPP;
				PRODUCT_NAME = "$(TARGET_NAME)";
			};
			name = Debug;
		};
		B593A2361C5E87EE0085C5C8 /* Release */ = {
			isa = XCBuildConfiguration;
			buildSettings = {
				ASSETCATALOG_COMPILER_APPICON_NAME = AppIcon;
				CODE_SIGN_IDENTITY = "iPhone Developer";
				INFOPLIST_FILE = iosAPP/Info.plist;
				LD_RUNPATH_SEARCH_PATHS = "$(inherited) @executable_path/Frameworks";
				PRODUCT_BUNDLE_IDENTIFIER = es.upsa.mimo.iosAPP.iosAPP;
				PRODUCT_NAME = "$(TARGET_NAME)";
			};
			name = Release;
		};
/* End XCBuildConfiguration section */

/* Begin XCConfigurationList section */
		B593A21D1C5E87EE0085C5C8 /* Build configuration list for PBXProject "iosAPP" */ = {
			isa = XCConfigurationList;
			buildConfigurations = (
				B593A2321C5E87EE0085C5C8 /* Debug */,
				B593A2331C5E87EE0085C5C8 /* Release */,
			);
			defaultConfigurationIsVisible = 0;
			defaultConfigurationName = Release;
		};
		B593A2341C5E87EE0085C5C8 /* Build configuration list for PBXNativeTarget "iosAPP" */ = {
			isa = XCConfigurationList;
			buildConfigurations = (
				B593A2351C5E87EE0085C5C8 /* Debug */,
				B593A2361C5E87EE0085C5C8 /* Release */,
			);
			defaultConfigurationIsVisible = 0;
			defaultConfigurationName = Release;
		};
/* End XCConfigurationList section */
	};
	rootObject = B593A21A1C5E87EE0085C5C8 /* Project object */;
}
